{
  "name": "skillreg",
  "version": "1.8.0",
  "lockfileVersion": 3,
  "requires": true,
  "packages": {
    "": {
      "name": "skillreg",
      "version": "1.8.0",
      "license": "MIT",
      "bin": {
        "skillreg": "bin/skillreg.js"
      },
      "engines": {
        "node": ">=18"
      }
    }
  }
}
